
Microsoft Visual Studio Solution File, Format Version 12.00
# Visual Studio Version 17
VisualStudioVersion = 17.14.36408.4 d17.14
MinimumVisualStudioVersion = 10.0.40219.1
Project("{FAE04EC0-301F-11D3-BF4B-00C04F79EFBC}") = "Lwu.CourseManagement.Api", "Lwu.CourseManagement.Api\Lwu.CourseManagement.Api.csproj", "{94F53743-ADE4-40A8-A8E5-B3B17CB05B5B}"
EndProject
Project("{FAE04EC0-301F-11D3-BF4B-00C04F79EFBC}") = "Lwu.CourseManagement.Application", "Lwu.CourseManagement.Application\Lwu.CourseManagement.Application.csproj", "{7B820357-D17A-4977-B03E-8E606885030A}"
EndProject
Project("{FAE04EC0-301F-11D3-BF4B-00C04F79EFBC}") = "Lwu.CourseManagement.Domain", "Lwu.CourseManagement.Domain\Lwu.CourseManagement.Domain.csproj", "{666FCA4E-94C9-4070-99A5-20D493BD12C2}"
EndProject
Project("{FAE04EC0-301F-11D3-BF4B-00C04F79EFBC}") = "Lwu.CourseManagement.Infrastructure", "Lwu.CourseManagement.Infrastructure\Lwu.CourseManagement.Infrastructure.csproj", "{82E63E72-428F-4BED-9B10-8FA9B2D19067}"
EndProject
Global
	GlobalSection(SolutionConfigurationPlatforms) = preSolution
		Debug|Any CPU = Debug|Any CPU
		Release|Any CPU = Release|Any CPU
	EndGlobalSection
	GlobalSection(ProjectConfigurationPlatforms) = postSolution
		{94F53743-ADE4-40A8-A8E5-B3B17CB05B5B}.Debug|Any CPU.ActiveCfg = Debug|Any CPU
		{94F53743-ADE4-40A8-A8E5-B3B17CB05B5B}.Debug|Any CPU.Build.0 = Debug|Any CPU
		{94F53743-ADE4-40A8-A8E5-B3B17CB05B5B}.Release|Any CPU.ActiveCfg = Release|Any CPU
		{94F53743-ADE4-40A8-A8E5-B3B17CB05B5B}.Release|Any CPU.Build.0 = Release|Any CPU
		{7B820357-D17A-4977-B03E-8E606885030A}.Debug|Any CPU.ActiveCfg = Debug|Any CPU
		{7B820357-D17A-4977-B03E-8E606885030A}.Debug|Any CPU.Build.0 = Debug|Any CPU
		{7B820357-D17A-4977-B03E-8E606885030A}.Release|Any CPU.ActiveCfg = Release|Any CPU
		{7B820357-D17A-4977-B03E-8E606885030A}.Release|Any CPU.Build.0 = Release|Any CPU
		{666FCA4E-94C9-4070-99A5-20D493BD12C2}.Debug|Any CPU.ActiveCfg = Debug|Any CPU
		{666FCA4E-94C9-4070-99A5-20D493BD12C2}.Debug|Any CPU.Build.0 = Debug|Any CPU
		{666FCA4E-94C9-4070-99A5-20D493BD12C2}.Release|Any CPU.ActiveCfg = Release|Any CPU
		{666FCA4E-94C9-4070-99A5-20D493BD12C2}.Release|Any CPU.Build.0 = Release|Any CPU
		{82E63E72-428F-4BED-9B10-8FA9B2D19067}.Debug|Any CPU.ActiveCfg = Debug|Any CPU
		{82E63E72-428F-4BED-9B10-8FA9B2D19067}.Debug|Any CPU.Build.0 = Debug|Any CPU
		{82E63E72-428F-4BED-9B10-8FA9B2D19067}.Release|Any CPU.ActiveCfg = Release|Any CPU
		{82E63E72-428F-4BED-9B10-8FA9B2D19067}.Release|Any CPU.Build.0 = Release|Any CPU
	EndGlobalSection
	GlobalSection(SolutionProperties) = preSolution
		HideSolutionNode = FALSE
	EndGlobalSection
	GlobalSection(ExtensibilityGlobals) = postSolution
		SolutionGuid = {EAF6D092-67E1-4157-A1BC-DBA38837A45D}
	EndGlobalSection
EndGlobal
